
Microsoft Visual Studio Solution File, Format Version 12.00
# Visual Studio Version 16
VisualStudioVersion = 16.0.29306.81
MinimumVisualStudioVersion = 10.0.40219.1
Project("{FAE04EC0-301F-11D3-BF4B-00C04F79EFBC}") = "SGIAMT", "SGIAMT.csproj", "{3525CE24-0685-4349-B5A4-66653DBF23D5}"
EndProject
Global
	GlobalSection(SolutionConfigurationPlatforms) = preSolution
		Debug|Any CPU = Debug|Any CPU
		Release|Any CPU = Release|Any CPU
	EndGlobalSection
	GlobalSection(ProjectConfigurationPlatforms) = postSolution
		{3525CE24-0685-4349-B5A4-66653DBF23D5}.Debug|Any CPU.ActiveCfg = Debug|Any CPU
		{3525CE24-0685-4349-B5A4-66653DBF23D5}.Debug|Any CPU.Build.0 = Debug|Any CPU
		{3525CE24-0685-4349-B5A4-66653DBF23D5}.Release|Any CPU.ActiveCfg = Release|Any CPU
		{3525CE24-0685-4349-B5A4-66653DBF23D5}.Release|Any CPU.Build.0 = Release|Any CPU
	EndGlobalSection
	GlobalSection(SolutionProperties) = preSolution
		HideSolutionNode = FALSE
	EndGlobalSection
	GlobalSection(ExtensibilityGlobals) = postSolution
		SolutionGuid = {95EA19CF-D040-4581-B82B-14BF90025363}
	EndGlobalSection
EndGlobal
