
Microsoft Visual Studio Solution File, Format Version 12.00
# Visual Studio Version 16
VisualStudioVersion = 16.0.29324.140
MinimumVisualStudioVersion = 10.0.40219.1
Project("{FAE04EC0-301F-11D3-BF4B-00C04F79EFBC}") = "SGIAMT", "SGIAMT\SGIAMT.csproj", "{96874ED2-B9B7-4247-8FE9-C933008EBD51}"
EndProject
Global
	GlobalSection(SolutionConfigurationPlatforms) = preSolution
		Debug|Any CPU = Debug|Any CPU
		Release|Any CPU = Release|Any CPU
	EndGlobalSection
	GlobalSection(ProjectConfigurationPlatforms) = postSolution
		{96874ED2-B9B7-4247-8FE9-C933008EBD51}.Debug|Any CPU.ActiveCfg = Debug|Any CPU
		{96874ED2-B9B7-4247-8FE9-C933008EBD51}.Debug|Any CPU.Build.0 = Debug|Any CPU
		{96874ED2-B9B7-4247-8FE9-C933008EBD51}.Release|Any CPU.ActiveCfg = Release|Any CPU
		{96874ED2-B9B7-4247-8FE9-C933008EBD51}.Release|Any CPU.Build.0 = Release|Any CPU
	EndGlobalSection
	GlobalSection(SolutionProperties) = preSolution
		HideSolutionNode = FALSE
	EndGlobalSection
	GlobalSection(ExtensibilityGlobals) = postSolution
		SolutionGuid = {3FADC666-05DC-4E9B-8BAB-DCE241B692E5}
	EndGlobalSection
EndGlobal
